// !$*UTF8*$!
{
	archiveVersion = 1;
	classes = {
	};
	objectVersion = 77;
	objects = {

/* Begin PBXBuildFile section */
		2C3C87D92F5C5C4B0067DD0F /* FirebaseAuth in Frameworks */ = {isa = PBXBuildFile; productRef = 2C3C87D82F5C5C4B0067DD0F /* FirebaseAuth */; };
		2CB907A62F5A367000D8B21F /* FirebaseDatabase in Frameworks */ = {isa = PBXBuildFile; productRef = 2CB907A52F5A367000D8B21F /* FirebaseDatabase */; };
		2CB907A82F5A367000D8B21F /* FirebaseStorage in Frameworks */ = {isa = PBXBuildFile; productRef = 2CB907A72F5A367000D8B21F /* FirebaseStorage */; };
/* End PBXBuildFile section */

/* Begin PBXContainerItemProxy section */
		2C8808E22F58E22900EBE1D6 /* PBXContainerItemProxy */ = {
			isa = PBXContainerItemProxy;
			containerPortal = 2C8808CC2F58E22800EBE1D6 /* Project object */;
			proxyType = 1;
			remoteGlobalIDString = 2C8808D32F58E22800EBE1D6;
			remoteInfo = TheHunt;
		};
		2C8808EC2F58E22900EBE1D6 /* PBXContainerItemProxy */ = {
			isa = PBXContainerItemProxy;
			containerPortal = 2C8808CC2F58E22800EBE1D6 /* Project object */;
			proxyType = 1;
			remoteGlobalIDString = 2C8808D32F58E22800EBE1D6;
			remoteInfo = TheHunt;
		};
/* End PBXContainerItemProxy section */

/* Begin PBXFileReference section */
		2C8808D42F58E22800EBE1D6 /* TheHunt.app */ = {isa = PBXFileReference; explicitFileType = wrapper.application; includeInIndex = 0; path = TheHunt.app; sourceTree = BUILT_PRODUCTS_DIR; };
		2C8808E12F58E22900EBE1D6 /* TheHuntTests.xctest */ = {isa = PBXFileReference; explicitFileType = wrapper.cfbundle; includeInIndex = 0; path = TheHuntTests.xctest; sourceTree = BUILT_PRODUCTS_DIR; };
		2C8808EB2F58E22900EBE1D6 /* TheHuntUITests.xctest */ = {isa = PBXFileReference; explicitFileType = wrapper.cfbundle; includeInIndex = 0; path = TheHuntUITests.xctest; sourceTree = BUILT_PRODUCTS_DIR; };
/* End PBXFileReference section */

/* Begin PBXFileSystemSynchronizedRootGroup section */
		2C8808D62F58E22800EBE1D6 /* TheHunt */ = {
			isa = PBXFileSystemSynchronizedRootGroup;
			path = TheHunt;
			sourceTree = "<group>";
		};
		2C8808E42F58E22900EBE1D6 /* TheHuntTests */ = {
			isa = PBXFileSystemSynchronizedRootGroup;
			path = TheHuntTests;
			sourceTree = "<group>";
		};
		2C8808EE2F58E22900EBE1D6 /* TheHuntUITests */ = {
			isa = PBXFileSystemSynchronizedRootGroup;
			path = TheHuntUITests;
			sourceTree = "<group>";
		};
/* End PBXFileSystemSynchronizedRootGroup section */

/* Begin PBXFrameworksBuildPhase section */
		2C8808D12F58E22800EBE1D6 /* Frameworks */ = {
			isa = PBXFrameworksBuildPhase;
			buildActionMask = 2147483647;
			files = (
				2CB907A62F5A367000D8B21F /* FirebaseDatabase in Frameworks */,
				2C3C87D92F5C5C4B0067DD0F /* FirebaseAuth in Frameworks */,
				2CB907A82F5A367000D8B21F /* FirebaseStorage in Frameworks */,
			);
			runOnlyForDeploymentPostprocessing = 0;
		};
		2C8808DE2F58E22900EBE1D6 /* Frameworks */ = {
			isa = PBXFrameworksBuildPhase;
			buildActionMask = 2147483647;
			files = (
			);
			runOnlyForDeploymentPostprocessing = 0;
		};
		2C8808E82F58E22900EBE1D6 /* Frameworks */ = {
			isa = PBXFrameworksBuildPhase;
			buildActionMask = 2147483647;
			files = (
			);
			runOnlyForDeploymentPostprocessing = 0;
		};
/* End PBXFrameworksBuildPhase section */

/* Begin PBXGroup section */
		2C3C87D72F5C5C4B0067DD0F /* Frameworks */ = {
			isa = PBXGroup;
			children = (
			);
			name = Frameworks;
			sourceTree = "<group>";
		};
		2C8808CB2F58E22800EBE1D6 = {
			isa = PBXGroup;
			children = (
				2C8808D62F58E22800EBE1D6 /* TheHunt */,
				2C8808E42F58E22900EBE1D6 /* TheHuntTests */,
				2C8808EE2F58E22900EBE1D6 /* TheHuntUITests */,
				2C3C87D72F5C5C4B0067DD0F /* Frameworks */,
				2C8808D52F58E22800EBE1D6 /* Products */,
			);
			sourceTree = "<group>";
		};
		2C8808D52F58E22800EBE1D6 /* Products */ = {
			isa = PBXGroup;
			children = (
				2C8808D42F58E22800EBE1D6 /* TheHunt.app */,
				2C8808E12F58E22900EBE1D6 /* TheHuntTests.xctest */,
				2C8808EB2F58E22900EBE1D6 /* TheHuntUITests.xctest */,
			);
			name = Products;
			sourceTree = "<group>";
		};
/* End PBXGroup section */

/* Begin PBXNativeTarget section */
		2C8808D32F58E22800EBE1D6 /* TheHunt */ = {
			isa = PBXNativeTarget;
			buildConfigurationList = 2C8808F52F58E22900EBE1D6 /* Build configuration list for PBXNativeTarget "TheHunt" */;
			buildPhases = (
				2C8808D02F58E22800EBE1D6 /* Sources */,
				2C8808D12F58E22800EBE1D6 /* Frameworks */,
				2C8808D22F58E22800EBE1D6 /* Resources */,
			);
			buildRules = (
			);
			dependencies = (
			);
			fileSystemSynchronizedGroups = (
				2C8808D62F58E22800EBE1D6 /* TheHunt */,
			);
			name = TheHunt;
			packageProductDependencies = (
				2CB907A52F5A367000D8B21F /* FirebaseDatabase */,
				2CB907A72F5A367000D8B21F /* FirebaseStorage */,
				2C3C87D82F5C5C4B0067DD0F /* FirebaseAuth */,
			);
			productName = TheHunt;
			productReference = 2C8808D42F58E22800EBE1D6 /* TheHunt.app */;
			productType = "com.apple.product-type.application";
		};
		2C8808E02F58E22900EBE1D6 /* TheHuntTests */ = {
			isa = PBXNativeTarget;
			buildConfigurationList = 2C8808F82F58E22900EBE1D6 /* Build configuration list for PBXNativeTarget "TheHuntTests" */;
			buildPhases = (
				2C8808DD2F58E22900EBE1D6 /* Sources */,
				2C8808DE2F58E22900EBE1D6 /* Frameworks */,
				2C8808DF2F58E22900EBE1D6 /* Resources */,
			);
			buildRules = (
			);
			dependencies = (
				2C8808E32F58E22900EBE1D6 /* PBXTargetDependency */,
			);
			fileSystemSynchronizedGroups = (
				2C8808E42F58E22900EBE1D6 /* TheHuntTests */,
			);
			name = TheHuntTests;
			packageProductDependencies = (
			);
			productName = TheHuntTests;
			productReference = 2C8808E12F58E22900EBE1D6 /* TheHuntTests.xctest */;
			productType = "com.apple.product-type.bundle.unit-test";
		};
		2C8808EA2F58E22900EBE1D6 /* TheHuntUITests */ = {
			isa = PBXNativeTarget;
			buildConfigurationList = 2C8808FB2F58E22900EBE1D6 /* Build configuration list for PBXNativeTarget "TheHuntUITests" */;
			buildPhases = (
				2C8808E72F58E22900EBE1D6 /* Sources */,
				2C8808E82F58E22900EBE1D6 /* Frameworks */,
				2C8808E92F58E22900EBE1D6 /* Resources */,
			);
			buildRules = (
			);
			dependencies = (
				2C8808ED2F58E22900EBE1D6 /* PBXTargetDependency */,
			);
			fileSystemSynchronizedGroups = (
				2C8808EE2F58E22900EBE1D6 /* TheHuntUITests */,
			);
			name = TheHuntUITests;
			packageProductDependencies = (
			);
			productName = TheHuntUITests;
			productReference = 2C8808EB2F58E22900EBE1D6 /* TheHuntUITests.xctest */;
			productType = "com.apple.product-type.bundle.ui-testing";
		};
/* End PBXNativeTarget section */

/* Begin PBXProject section */
		2C8808CC2F58E22800EBE1D6 /* Project object */ = {
			isa = PBXProject;
			attributes = {
				BuildIndependentTargetsInParallel = 1;
				LastSwiftUpdateCheck = 2630;
				LastUpgradeCheck = 2630;
				TargetAttributes = {
					2C8808D32F58E22800EBE1D6 = {
						CreatedOnToolsVersion = 26.3;
					};
					2C8808E02F58E22900EBE1D6 = {
						CreatedOnToolsVersion = 26.3;
						TestTargetID = 2C8808D32F58E22800EBE1D6;
					};
					2C8808EA2F58E22900EBE1D6 = {
						CreatedOnToolsVersion = 26.3;
						TestTargetID = 2C8808D32F58E22800EBE1D6;
					};
				};
			};
			buildConfigurationList = 2C8808CF2F58E22800EBE1D6 /* Build configuration list for PBXProject "TheHunt" */;
			developmentRegion = en;
			hasScannedForEncodings = 0;
			knownRegions = (
				en,
				Base,
			);
			mainGroup = 2C8808CB2F58E22800EBE1D6;
			minimizedProjectReferenceProxies = 1;
			packageReferences = (
				2CB907A42F5A367000D8B21F /* XCRemoteSwiftPackageReference "firebase-ios-sdk" */,
			);
			preferredProjectObjectVersion = 77;
			productRefGroup = 2C8808D52F58E22800EBE1D6 /* Products */;
			projectDirPath = "";
			projectRoot = "";
			targets = (
				2C8808D32F58E22800EBE1D6 /* TheHunt */,
				2C8808E02F58E22900EBE1D6 /* TheHuntTests */,
				2C8808EA2F58E22900EBE1D6 /* TheHuntUITests */,
			);
		};
/* End PBXProject section */

/* Begin PBXResourcesBuildPhase section */
		2C8808D22F58E22800EBE1D6 /* Resources */ = {
			isa = PBXResourcesBuildPhase;
			buildActionMask = 2147483647;
			files = (
			);
			runOnlyForDeploymentPostprocessing = 0;
		};
		2C8808DF2F58E22900EBE1D6 /* Resources */ = {
			isa = PBXResourcesBuildPhase;
			buildActionMask = 2147483647;
			files = (
			);
			runOnlyForDeploymentPostprocessing = 0;
		};
		2C8808E92F58E22900EBE1D6 /* Resources */ = {
			isa = PBXResourcesBuildPhase;
			buildActionMask = 2147483647;
			files = (
			);
			runOnlyForDeploymentPostprocessing = 0;
		};
/* End PBXResourcesBuildPhase section */

/* Begin PBXSourcesBuildPhase section */
		2C8808D02F58E22800EBE1D6 /* Sources */ = {
			isa = PBXSourcesBuildPhase;
			buildActionMask = 2147483647;
			files = (
			);
			runOnlyForDeploymentPostprocessing = 0;
		};
		2C8808DD2F58E22900EBE1D6 /* Sources */ = {
			isa = PBXSourcesBuildPhase;
			buildActionMask = 2147483647;
			files = (
			);
			runOnlyForDeploymentPostprocessing = 0;
		};
		2C8808E72F58E22900EBE1D6 /* Sources */ = {
			isa = PBXSourcesBuildPhase;
			buildActionMask = 2147483647;
			files = (
			);
			runOnlyForDeploymentPostprocessing = 0;
		};
/* End PBXSourcesBuildPhase section */

/* Begin PBXTargetDependency section */
		2C8808E32F58E22900EBE1D6 /* PBXTargetDependency */ = {
			isa = PBXTargetDependency;
			target = 2C8808D32F58E22800EBE1D6 /* TheHunt */;
			targetProxy = 2C8808E22F58E22900EBE1D6 /* PBXContainerItemProxy */;
		};
		2C8808ED2F58E22900EBE1D6 /* PBXTargetDependency */ = {
			isa = PBXTargetDependency;
			target = 2C8808D32F58E22800EBE1D6 /* TheHunt */;
			targetProxy = 2C8808EC2F58E22900EBE1D6 /* PBXContainerItemProxy */;
		};
/* End PBXTargetDependency section */

/* Begin XCBuildConfiguration section */
		2C8808F32F58E22900EBE1D6 /* Debug */ = {
			isa = XCBuildConfiguration;
			buildSettings = {
				ALWAYS_SEARCH_USER_PATHS = NO;
				ASSETCATALOG_COMPILER_GENERATE_SWIFT_ASSET_SYMBOL_EXTENSIONS = YES;
				CLANG_ANALYZER_NONNULL = YES;
				CLANG_ANALYZER_NUMBER_OBJECT_CONVERSION = YES_AGGRESSIVE;
				CLANG_CXX_LANGUAGE_STANDARD = "gnu++20";
				CLANG_ENABLE_MODULES = YES;
				CLANG_ENABLE_OBJC_ARC = YES;
				CLANG_ENABLE_OBJC_WEAK = YES;
				CLANG_WARN_BLOCK_CAPTURE_AUTORELEASING = YES;
				CLANG_WARN_BOOL_CONVERSION = YES;
				CLANG_WARN_COMMA = YES;
				CLANG_WARN_CONSTANT_CONVERSION = YES;
				CLANG_WARN_DEPRECATED_OBJC_IMPLEMENTATIONS = YES;
				CLANG_WARN_DIRECT_OBJC_ISA_USAGE = YES_ERROR;
				CLANG_WARN_DOCUMENTATION_COMMENTS = YES;
				CLANG_WARN_EMPTY_BODY = YES;
				CLANG_WARN_ENUM_CONVERSION = YES;
				CLANG_WARN_INFINITE_RECURSION = YES;
				CLANG_WARN_INT_CONVERSION = YES;
				CLANG_WARN_NON_LITERAL_NULL_CONVERSION = YES;
				CLANG_WARN_OBJC_IMPLICIT_RETAIN_SELF = YES;
				CLANG_WARN_OBJC_LITERAL_CONVERSION = YES;
				CLANG_WARN_OBJC_ROOT_CLASS = YES_ERROR;
				CLANG_WARN_QUOTED_INCLUDE_IN_FRAMEWORK_HEADER = YES;
				CLANG_WARN_RANGE_LOOP_ANALYSIS = YES;
				CLANG_WARN_STRICT_PROTOTYPES = YES;
				CLANG_WARN_SUSPICIOUS_MOVE = YES;
				CLANG_WARN_UNGUARDED_AVAILABILITY = YES_AGGRESSIVE;
				CLANG_WARN_UNREACHABLE_CODE = YES;
				CLANG_WARN__DUPLICATE_METHOD_MATCH = YES;
				COPY_PHASE_STRIP = NO;
				DEBUG_INFORMATION_FORMAT = dwarf;
				DEVELOPMENT_TEAM = 3653V99CEZ;
				ENABLE_STRICT_OBJC_MSGSEND = YES;
				ENABLE_TESTABILITY = YES;
				ENABLE_USER_SCRIPT_SANDBOXING = YES;
				GCC_C_LANGUAGE_STANDARD = gnu17;
				GCC_DYNAMIC_NO_PIC = NO;
				GCC_NO_COMMON_BLOCKS = YES;
				GCC_OPTIMIZATION_LEVEL = 0;
				GCC_PREPROCESSOR_DEFINITIONS = (
					"DEBUG=1",
					"$(inherited)",
				);
				GCC_WARN_64_TO_32_BIT_CONVERSION = YES;
				GCC_WARN_ABOUT_RETURN_TYPE = YES_ERROR;
				GCC_WARN_UNDECLARED_SELECTOR = YES;
				GCC_WARN_UNINITIALIZED_AUTOS = YES_AGGRESSIVE;
				GCC_WARN_UNUSED_FUNCTION = YES;
				GCC_WARN_UNUSED_VARIABLE = YES;
				IPHONEOS_DEPLOYMENT_TARGET = 26.2;
				LOCALIZATION_PREFERS_STRING_CATALOGS = YES;
				MTL_ENABLE_DEBUG_INFO = INCLUDE_SOURCE;
				MTL_FAST_MATH = YES;
				ONLY_ACTIVE_ARCH = YES;
				SDKROOT = iphoneos;
				SWIFT_ACTIVE_COMPILATION_CONDITIONS = "DEBUG $(inherited)";
				SWIFT_OPTIMIZATION_LEVEL = "-Onone";
			};
			name = Debug;
		};
		2C8808F42F58E22900EBE1D6 /* Release */ = {
			isa = XCBuildConfiguration;
			buildSettings = {
				ALWAYS_SEARCH_USER_PATHS = NO;
				ASSETCATALOG_COMPILER_GENERATE_SWIFT_ASSET_SYMBOL_EXTENSIONS = YES;
				CLANG_ANALYZER_NONNULL = YES;
				CLANG_ANALYZER_NUMBER_OBJECT_CONVERSION = YES_AGGRESSIVE;
				CLANG_CXX_LANGUAGE_STANDARD = "gnu++20";
				CLANG_ENABLE_MODULES = YES;
				CLANG_ENABLE_OBJC_ARC = YES;
				CLANG_ENABLE_OBJC_WEAK = YES;
				CLANG_WARN_BLOCK_CAPTURE_AUTORELEASING = YES;
				CLANG_WARN_BOOL_CONVERSION = YES;
				CLANG_WARN_COMMA = YES;
				CLANG_WARN_CONSTANT_CONVERSION = YES;
				CLANG_WARN_DEPRECATED_OBJC_IMPLEMENTATIONS = YES;
				CLANG_WARN_DIRECT_OBJC_ISA_USAGE = YES_ERROR;
				CLANG_WARN_DOCUMENTATION_COMMENTS = YES;
				CLANG_WARN_EMPTY_BODY = YES;
				CLANG_WARN_ENUM_CONVERSION = YES;
				CLANG_WARN_INFINITE_RECURSION = YES;
				CLANG_WARN_INT_CONVERSION = YES;
				CLANG_WARN_NON_LITERAL_NULL_CONVERSION = YES;
				CLANG_WARN_OBJC_IMPLICIT_RETAIN_SELF = YES;
				CLANG_WARN_OBJC_LITERAL_CONVERSION = YES;
				CLANG_WARN_OBJC_ROOT_CLASS = YES_ERROR;
				CLANG_WARN_QUOTED_INCLUDE_IN_FRAMEWORK_HEADER = YES;
				CLANG_WARN_RANGE_LOOP_ANALYSIS = YES;
				CLANG_WARN_STRICT_PROTOTYPES = YES;
				CLANG_WARN_SUSPICIOUS_MOVE = YES;
				CLANG_WARN_UNGUARDED_AVAILABILITY = YES_AGGRESSIVE;
				CLANG_WARN_UNREACHABLE_CODE = YES;
				CLANG_WARN__DUPLICATE_METHOD_MATCH = YES;
				COPY_PHASE_STRIP = NO;
				DEBUG_INFORMATION_FORMAT = "dwarf-with-dsym";
				DEVELOPMENT_TEAM = 3653V99CEZ;
				ENABLE_NS_ASSERTIONS = NO;
				ENABLE_STRICT_OBJC_MSGSEND = YES;
				ENABLE_USER_SCRIPT_SANDBOXING = YES;
				GCC_C_LANGUAGE_STANDARD = gnu17;
				GCC_NO_COMMON_BLOCKS = YES;
				GCC_WARN_64_TO_32_BIT_CONVERSION = YES;
				GCC_WARN_ABOUT_RETURN_TYPE = YES_ERROR;
				GCC_WARN_UNDECLARED_SELECTOR = YES;
				GCC_WARN_UNINITIALIZED_AUTOS = YES_AGGRESSIVE;
				GCC_WARN_UNUSED_FUNCTION = YES;
				GCC_WARN_UNUSED_VARIABLE = YES;
				IPHONEOS_DEPLOYMENT_TARGET = 26.2;
				LOCALIZATION_PREFERS_STRING_CATALOGS = YES;
				MTL_ENABLE_DEBUG_INFO = NO;
				MTL_FAST_MATH = YES;
				SDKROOT = iphoneos;
				SWIFT_COMPILATION_MODE = wholemodule;
				VALIDATE_PRODUCT = YES;
			};
			name = Release;
		};
		2C8808F62F58E22900EBE1D6 /* Debug */ = {
			isa = XCBuildConfiguration;
			buildSettings = {
				ASSETCATALOG_COMPILER_APPICON_NAME = AppIcon;
				ASSETCATALOG_COMPILER_GLOBAL_ACCENT_COLOR_NAME = AccentColor;
				CODE_SIGN_STYLE = Automatic;
				CURRENT_PROJECT_VERSION = 1;
				DEVELOPMENT_TEAM = 3653V99CEZ;
				ENABLE_PREVIEWS = YES;
				GENERATE_INFOPLIST_FILE = YES;
				INFOPLIST_KEY_NSCameraUsageDescription = "TheHunt needs camera access to capture evidence photos.";
				INFOPLIST_KEY_NSLocationWhenInUseUsageDescription = "TheHunt needs your location to detect when you arrive at scavenger hunt locations.";
				INFOPLIST_KEY_NSPhotoLibraryUsageDescription = "TheHunt needs photo library access for team avatars.";
				INFOPLIST_KEY_UIApplicationSceneManifest_Generation = YES;
				INFOPLIST_KEY_UIApplicationSupportsIndirectInputEvents = YES;
				INFOPLIST_KEY_UILaunchScreen_Generation = YES;
				INFOPLIST_KEY_UISupportedInterfaceOrientations_iPad = "UIInterfaceOrientationPortrait UIInterfaceOrientationPortraitUpsideDown UIInterfaceOrientationLandscapeLeft UIInterfaceOrientationLandscapeRight";
				INFOPLIST_KEY_UISupportedInterfaceOrientations_iPhone = "UIInterfaceOrientationPortrait UIInterfaceOrientationLandscapeLeft UIInterfaceOrientationLandscapeRight";
				LD_RUNPATH_SEARCH_PATHS = (
					"$(inherited)",
					"@executable_path/Frameworks",
				);
				MARKETING_VERSION = 1.0;
				PRODUCT_BUNDLE_IDENTIFIER = com.morgangrundy.TheHunt;
				PRODUCT_NAME = "$(TARGET_NAME)";
				STRING_CATALOG_GENERATE_SYMBOLS = YES;
				SWIFT_APPROACHABLE_CONCURRENCY = YES;
				SWIFT_DEFAULT_ACTOR_ISOLATION = MainActor;
				SWIFT_EMIT_LOC_STRINGS = YES;
				SWIFT_UPCOMING_FEATURE_MEMBER_IMPORT_VISIBILITY = YES;
				SWIFT_VERSION = 5.0;
				TARGETED_DEVICE_FAMILY = "1,2";
			};
			name = Debug;
		};
		2C8808F72F58E22900EBE1D6 /* Release */ = {
			isa = XCBuildConfiguration;
			buildSettings = {
				ASSETCATALOG_COMPILER_APPICON_NAME = AppIcon;
				ASSETCATALOG_COMPILER_GLOBAL_ACCENT_COLOR_NAME = AccentColor;
				CODE_SIGN_STYLE = Automatic;
				CURRENT_PROJECT_VERSION = 1;
				DEVELOPMENT_TEAM = 3653V99CEZ;
				ENABLE_PREVIEWS = YES;
				ENABLE_TESTABILITY = NO;
				GENERATE_INFOPLIST_FILE = YES;
				INFOPLIST_KEY_NSCameraUsageDescription = "TheHunt needs camera access to capture evidence photos.";
				INFOPLIST_KEY_NSLocationWhenInUseUsageDescription = "TheHunt needs your location to detect when you arrive at scavenger hunt locations.";
				INFOPLIST_KEY_NSPhotoLibraryUsageDescription = "TheHunt needs photo library access for team avatars.";
				INFOPLIST_KEY_UIApplicationSceneManifest_Generation = YES;
				INFOPLIST_KEY_UIApplicationSupportsIndirectInputEvents = YES;
				INFOPLIST_KEY_UILaunchScreen_Generation = YES;
				INFOPLIST_KEY_UISupportedInterfaceOrientations_iPad = "UIInterfaceOrientationPortrait UIInterfaceOrientationPortraitUpsideDown UIInterfaceOrientationLandscapeLeft UIInterfaceOrientationLandscapeRight";
				INFOPLIST_KEY_UISupportedInterfaceOrientations_iPhone = "UIInterfaceOrientationPortrait UIInterfaceOrientationLandscapeLeft UIInterfaceOrientationLandscapeRight";
				LD_RUNPATH_SEARCH_PATHS = (
					"$(inherited)",
					"@executable_path/Frameworks",
				);
				MARKETING_VERSION = 1.0;
				PRODUCT_BUNDLE_IDENTIFIER = com.morgangrundy.TheHunt;
				PRODUCT_NAME = "$(TARGET_NAME)";
				STRING_CATALOG_GENERATE_SYMBOLS = YES;
				SWIFT_APPROACHABLE_CONCURRENCY = YES;
				SWIFT_DEFAULT_ACTOR_ISOLATION = MainActor;
				SWIFT_EMIT_LOC_STRINGS = YES;
				SWIFT_UPCOMING_FEATURE_MEMBER_IMPORT_VISIBILITY = YES;
				SWIFT_VERSION = 5.0;
				TARGETED_DEVICE_FAMILY = "1,2";
			};
			name = Release;
		};
		2C8808F92F58E22900EBE1D6 /* Debug */ = {
			isa = XCBuildConfiguration;
			buildSettings = {
				BUNDLE_LOADER = "$(TEST_HOST)";
				CODE_SIGN_STYLE = Automatic;
				CURRENT_PROJECT_VERSION = 1;
				DEVELOPMENT_TEAM = 3653V99CEZ;
				GENERATE_INFOPLIST_FILE = YES;
				IPHONEOS_DEPLOYMENT_TARGET = 26.2;
				MARKETING_VERSION = 1.0;
				PRODUCT_BUNDLE_IDENTIFIER = com.morgangrundy.TheHuntTests;
				PRODUCT_NAME = "$(TARGET_NAME)";
				STRING_CATALOG_GENERATE_SYMBOLS = NO;
				SWIFT_APPROACHABLE_CONCURRENCY = YES;
				SWIFT_EMIT_LOC_STRINGS = NO;
				SWIFT_UPCOMING_FEATURE_MEMBER_IMPORT_VISIBILITY = YES;
				SWIFT_VERSION = 5.0;
				TARGETED_DEVICE_FAMILY = "1,2";
				TEST_HOST = "$(BUILT_PRODUCTS_DIR)/TheHunt.app/$(BUNDLE_EXECUTABLE_FOLDER_PATH)/TheHunt";
			};
			name = Debug;
		};
		2C8808FA2F58E22900EBE1D6 /* Release */ = {
			isa = XCBuildConfiguration;
			buildSettings = {
				BUNDLE_LOADER = "$(TEST_HOST)";
				CODE_SIGN_STYLE = Automatic;
				CURRENT_PROJECT_VERSION = 1;
				DEVELOPMENT_TEAM = 3653V99CEZ;
				GENERATE_INFOPLIST_FILE = YES;
				IPHONEOS_DEPLOYMENT_TARGET = 26.2;
				MARKETING_VERSION = 1.0;
				PRODUCT_BUNDLE_IDENTIFIER = com.morgangrundy.TheHuntTests;
				PRODUCT_NAME = "$(TARGET_NAME)";
				STRING_CATALOG_GENERATE_SYMBOLS = NO;
				SWIFT_APPROACHABLE_CONCURRENCY = YES;
				SWIFT_EMIT_LOC_STRINGS = NO;
				SWIFT_UPCOMING_FEATURE_MEMBER_IMPORT_VISIBILITY = YES;
				SWIFT_VERSION = 5.0;
				TARGETED_DEVICE_FAMILY = "1,2";
				TEST_HOST = "$(BUILT_PRODUCTS_DIR)/TheHunt.app/$(BUNDLE_EXECUTABLE_FOLDER_PATH)/TheHunt";
			};
			name = Release;
		};
		2C8808FC2F58E22900EBE1D6 /* Debug */ = {
			isa = XCBuildConfiguration;
			buildSettings = {
				CODE_SIGN_STYLE = Automatic;
				CURRENT_PROJECT_VERSION = 1;
				DEVELOPMENT_TEAM = 3653V99CEZ;
				GENERATE_INFOPLIST_FILE = YES;
				MARKETING_VERSION = 1.0;
				PRODUCT_BUNDLE_IDENTIFIER = com.morgangrundy.TheHuntUITests;
				PRODUCT_NAME = "$(TARGET_NAME)";
				STRING_CATALOG_GENERATE_SYMBOLS = NO;
				SWIFT_APPROACHABLE_CONCURRENCY = YES;
				SWIFT_EMIT_LOC_STRINGS = NO;
				SWIFT_UPCOMING_FEATURE_MEMBER_IMPORT_VISIBILITY = YES;
				SWIFT_VERSION = 5.0;
				TARGETED_DEVICE_FAMILY = "1,2";
				TEST_TARGET_NAME = TheHunt;
			};
			name = Debug;
		};
		2C8808FD2F58E22900EBE1D6 /* Release */ = {
			isa = XCBuildConfiguration;
			buildSettings = {
				CODE_SIGN_STYLE = Automatic;
				CURRENT_PROJECT_VERSION = 1;
				DEVELOPMENT_TEAM = 3653V99CEZ;
				GENERATE_INFOPLIST_FILE = YES;
				MARKETING_VERSION = 1.0;
				PRODUCT_BUNDLE_IDENTIFIER = com.morgangrundy.TheHuntUITests;
				PRODUCT_NAME = "$(TARGET_NAME)";
				STRING_CATALOG_GENERATE_SYMBOLS = NO;
				SWIFT_APPROACHABLE_CONCURRENCY = YES;
				SWIFT_EMIT_LOC_STRINGS = NO;
				SWIFT_UPCOMING_FEATURE_MEMBER_IMPORT_VISIBILITY = YES;
				SWIFT_VERSION = 5.0;
				TARGETED_DEVICE_FAMILY = "1,2";
				TEST_TARGET_NAME = TheHunt;
			};
			name = Release;
		};
/* End XCBuildConfiguration section */

/* Begin XCConfigurationList section */
		2C8808CF2F58E22800EBE1D6 /* Build configuration list for PBXProject "TheHunt" */ = {
			isa = XCConfigurationList;
			buildConfigurations = (
				2C8808F32F58E22900EBE1D6 /* Debug */,
				2C8808F42F58E22900EBE1D6 /* Release */,
			);
			defaultConfigurationIsVisible = 0;
			defaultConfigurationName = Release;
		};
		2C8808F52F58E22900EBE1D6 /* Build configuration list for PBXNativeTarget "TheHunt" */ = {
			isa = XCConfigurationList;
			buildConfigurations = (
				2C8808F62F58E22900EBE1D6 /* Debug */,
				2C8808F72F58E22900EBE1D6 /* Release */,
			);
			defaultConfigurationIsVisible = 0;
			defaultConfigurationName = Release;
		};
		2C8808F82F58E22900EBE1D6 /* Build configuration list for PBXNativeTarget "TheHuntTests" */ = {
			isa = XCConfigurationList;
			buildConfigurations = (
				2C8808F92F58E22900EBE1D6 /* Debug */,
				2C8808FA2F58E22900EBE1D6 /* Release */,
			);
			defaultConfigurationIsVisible = 0;
			defaultConfigurationName = Release;
		};
		2C8808FB2F58E22900EBE1D6 /* Build configuration list for PBXNativeTarget "TheHuntUITests" */ = {
			isa = XCConfigurationList;
			buildConfigurations = (
				2C8808FC2F58E22900EBE1D6 /* Debug */,
				2C8808FD2F58E22900EBE1D6 /* Release */,
			);
			defaultConfigurationIsVisible = 0;
			defaultConfigurationName = Release;
		};
/* End XCConfigurationList section */

/* Begin XCRemoteSwiftPackageReference section */
		2CB907A42F5A367000D8B21F /* XCRemoteSwiftPackageReference "firebase-ios-sdk" */ = {
			isa = XCRemoteSwiftPackageReference;
			repositoryURL = "https://github.com/firebase/firebase-ios-sdk";
			requirement = {
				kind = upToNextMajorVersion;
				minimumVersion = 12.10.0;
			};
		};
/* End XCRemoteSwiftPackageReference section */

/* Begin XCSwiftPackageProductDependency section */
		2C3C87D82F5C5C4B0067DD0F /* FirebaseAuth */ = {
			isa = XCSwiftPackageProductDependency;
			package = 2CB907A42F5A367000D8B21F /* XCRemoteSwiftPackageReference "firebase-ios-sdk" */;
			productName = FirebaseAuth;
		};
		2CB907A52F5A367000D8B21F /* FirebaseDatabase */ = {
			isa = XCSwiftPackageProductDependency;
			package = 2CB907A42F5A367000D8B21F /* XCRemoteSwiftPackageReference "firebase-ios-sdk" */;
			productName = FirebaseDatabase;
		};
		2CB907A72F5A367000D8B21F /* FirebaseStorage */ = {
			isa = XCSwiftPackageProductDependency;
			package = 2CB907A42F5A367000D8B21F /* XCRemoteSwiftPackageReference "firebase-ios-sdk" */;
			productName = FirebaseStorage;
		};
/* End XCSwiftPackageProductDependency section */
	};
	rootObject = 2C8808CC2F58E22800EBE1D6 /* Project object */;
}
